Microsoft Visual Studio Solution File, Format Version 12.00
# Visual Studio Version 16
VisualStudioVersion = 16.0.0.0
MinimumVisualStudioVersion = 16.0.0.0
Project("{9A19103F-16F7-4668-BE54-9A1E7A4F7556}") = "BlazorMUD.Server", "Server\BlazorMUD.Server.csproj", "{3404BB35-4038-41E1-A6F6-DB3E09A0D20E}"
EndProject
Project("{9A19103F-16F7-4668-BE54-9A1E7A4F7556}") = "BlazorMUD.Client", "Client\BlazorMUD.Client.csproj", "{97A307F9-F27A-42E4-BA2E-82BA910E7395}"
EndProject
Project("{9A19103F-16F7-4668-BE54-9A1E7A4F7556}") = "BlazorMUD.Core", "Core\BlazorMUD.Core.csproj", "{E6F84559-C48A-4D49-8F1F-9DDECF9FC970}"
EndProject
Global
	GlobalSection(SolutionConfigurationPlatforms) = preSolution
		Debug|Any CPU = Debug|Any CPU
		Debug|x64 = Debug|x64
		Debug|x86 = Debug|x86
		Release|Any CPU = Release|Any CPU
		Release|x64 = Release|x64
		Release|x86 = Release|x86
	EndGlobalSection
	GlobalSection(ProjectConfigurationPlatforms) = postSolution
		{97A307F9-F27A-42E4-BA2E-82BA910E7395}.Debug|Any CPU.ActiveCfg = Debug|Any CPU
		{97A307F9-F27A-42E4-BA2E-82BA910E7395}.Debug|Any CPU.Build.0 = Debug|Any CPU
		{97A307F9-F27A-42E4-BA2E-82BA910E7395}.Debug|x64.ActiveCfg = Debug|Any CPU
		{97A307F9-F27A-42E4-BA2E-82BA910E7395}.Debug|x64.Build.0 = Debug|Any CPU
		{97A307F9-F27A-42E4-BA2E-82BA910E7395}.Debug|x86.ActiveCfg = Debug|Any CPU
		{97A307F9-F27A-42E4-BA2E-82BA910E7395}.Debug|x86.Build.0 = Debug|Any CPU
		{97A307F9-F27A-42E4-BA2E-82BA910E7395}.Release|Any CPU.ActiveCfg = Release|Any CPU
		{97A307F9-F27A-42E4-BA2E-82BA910E7395}.Release|Any CPU.Build.0 = Release|Any CPU
		{97A307F9-F27A-42E4-BA2E-82BA910E7395}.Release|x64.ActiveCfg = Release|Any CPU
		{97A307F9-F27A-42E4-BA2E-82BA910E7395}.Release|x64.Build.0 = Release|Any CPU
		{97A307F9-F27A-42E4-BA2E-82BA910E7395}.Release|x86.ActiveCfg = Release|Any CPU
		{97A307F9-F27A-42E4-BA2E-82BA910E7395}.Release|x86.Build.0 = Release|Any CPU
		{3404BB35-4038-41E1-A6F6-DB3E09A0D20E}.Debug|Any CPU.ActiveCfg = Debug|Any CPU
		{3404BB35-4038-41E1-A6F6-DB3E09A0D20E}.Debug|Any CPU.Build.0 = Debug|Any CPU
		{3404BB35-4038-41E1-A6F6-DB3E09A0D20E}.Debug|x64.ActiveCfg = Debug|Any CPU
		{3404BB35-4038-41E1-A6F6-DB3E09A0D20E}.Debug|x64.Build.0 = Debug|Any CPU
		{3404BB35-4038-41E1-A6F6-DB3E09A0D20E}.Debug|x86.ActiveCfg = Debug|Any CPU
		{3404BB35-4038-41E1-A6F6-DB3E09A0D20E}.Debug|x86.Build.0 = Debug|Any CPU
		{3404BB35-4038-41E1-A6F6-DB3E09A0D20E}.Release|Any CPU.ActiveCfg = Release|Any CPU
		{3404BB35-4038-41E1-A6F6-DB3E09A0D20E}.Release|Any CPU.Build.0 = Release|Any CPU
		{3404BB35-4038-41E1-A6F6-DB3E09A0D20E}.Release|x64.ActiveCfg = Release|Any CPU
		{3404BB35-4038-41E1-A6F6-DB3E09A0D20E}.Release|x64.Build.0 = Release|Any CPU
		{3404BB35-4038-41E1-A6F6-DB3E09A0D20E}.Release|x86.ActiveCfg = Release|Any CPU
		{3404BB35-4038-41E1-A6F6-DB3E09A0D20E}.Release|x86.Build.0 = Release|Any CPU
		{E6F84559-C48A-4D49-8F1F-9DDECF9FC970}.Debug|Any CPU.ActiveCfg = Debug|Any CPU
		{E6F84559-C48A-4D49-8F1F-9DDECF9FC970}.Debug|Any CPU.Build.0 = Debug|Any CPU
		{E6F84559-C48A-4D49-8F1F-9DDECF9FC970}.Debug|x64.ActiveCfg = Debug|Any CPU
		{E6F84559-C48A-4D49-8F1F-9DDECF9FC970}.Debug|x64.Build.0 = Debug|Any CPU
		{E6F84559-C48A-4D49-8F1F-9DDECF9FC970}.Debug|x86.ActiveCfg = Debug|Any CPU
		{E6F84559-C48A-4D49-8F1F-9DDECF9FC970}.Debug|x86.Build.0 = Debug|Any CPU
		{E6F84559-C48A-4D49-8F1F-9DDECF9FC970}.Release|Any CPU.ActiveCfg = Release|Any CPU
		{E6F84559-C48A-4D49-8F1F-9DDECF9FC970}.Release|Any CPU.Build.0 = Release|Any CPU
		{E6F84559-C48A-4D49-8F1F-9DDECF9FC970}.Release|x64.ActiveCfg = Release|Any CPU
		{E6F84559-C48A-4D49-8F1F-9DDECF9FC970}.Release|x64.Build.0 = Release|Any CPU
		{E6F84559-C48A-4D49-8F1F-9DDECF9FC970}.Release|x86.ActiveCfg = Release|Any CPU
		{E6F84559-C48A-4D49-8F1F-9DDECF9FC970}.Release|x86.Build.0 = Release|Any CPU
	EndGlobalSection
	GlobalSection(SolutionProperties) = preSolution
		HideSolutionNode = FALSE
	EndGlobalSection
	GlobalSection(ExtensibilityGlobals) = postSolution
		SolutionGuid = {02926F10-60B8-43A6-9393-7EB551E289A9}
	EndGlobalSection
EndGlobal